
Microsoft Visual Studio Solution File, Format Version 12.00
# Visual Studio Version 16
VisualStudioVersion = 16.0.30907.101
MinimumVisualStudioVersion = 15.0.26124.0
Project("{9A19103F-16F7-4668-BE54-9A1E7A4F7556}") = "NineChronicles.Headless", "NineChronicles.Headless\NineChronicles.Headless\NineChronicles.Headless.csproj", "{6169358C-8806-46A7-92A6-452E8BBE224C}"
EndProject
Project("{FAE04EC0-301F-11D3-BF4B-00C04F79EFBC}") = "NineChronicles.DataProvider", "NineChronicles.DataProvider\NineChronicles.DataProvider.csproj", "{777CE21B-4E96-4D4A-923B-B4DFB8504EBA}"
EndProject
Project("{9A19103F-16F7-4668-BE54-9A1E7A4F7556}") = "NineChronicles.DataProvider.Executable", "NineChronicles.DataProvider.Executable\NineChronicles.DataProvider.Executable.csproj", "{B7F9CF53-4D6A-42A9-8C41-D2AF5B4AE2EB}"
EndProject
Project("{2150E333-8FDC-42A3-9474-1A3956D46DE8}") = "Solution Items", "Solution Items", "{D0435E58-7273-4365-A5E6-F48774FCD25E}"
	ProjectSection(SolutionItems) = preProject
		.editorconfig = .editorconfig
	EndProjectSection
EndProject
Project("{FAE04EC0-301F-11D3-BF4B-00C04F79EFBC}") = "NineChronicles.DataProvider.Tools", "NineChronicles.DataProvider.Tools\NineChronicles.DataProvider.Tools.csproj", "{D9DC2D6D-9DD2-4E29-949F-1CD409B6EF16}"
EndProject
Project("{FAE04EC0-301F-11D3-BF4B-00C04F79EFBC}") = "NineChronicles.DataProvider.Tests", "NineChronicles.DataProvider.Tests\NineChronicles.DataProvider.Tests.csproj", "{14EB2001-F762-4A4A-97E7-3DFE21DFD033}"
EndProject
Project("{FAE04EC0-301F-11D3-BF4B-00C04F79EFBC}") = "Lib9c.Policy", "NineChronicles.Headless\Lib9c\Lib9c.Policy\Lib9c.Policy.csproj", "{BC7D64F0-5E99-4F44-BEE4-9E66FB70DA72}"
EndProject
Project("{FAE04EC0-301F-11D3-BF4B-00C04F79EFBC}") = "Lib9c.Proposer", "NineChronicles.Headless\Lib9c\Lib9c.Proposer\Lib9c.Proposer.csproj", "{E377C07D-B5C7-4AB4-8889-55CAAA190C5A}"
EndProject
Project("{FAE04EC0-301F-11D3-BF4B-00C04F79EFBC}") = "Lib9c.Renderers", "NineChronicles.Headless\Lib9c\Lib9c.Renderers\Lib9c.Renderers.csproj", "{EF45C4CF-2D3A-42BC-8B7A-59D0DFD55443}"
EndProject
Project("{FAE04EC0-301F-11D3-BF4B-00C04F79EFBC}") = "Lib9c.Utils", "NineChronicles.Headless\Lib9c\Lib9c.Utils\Lib9c.Utils.csproj", "{0B12D053-8CB1-445E-91AA-D23EDDE2CC88}"
EndProject
Project("{FAE04EC0-301F-11D3-BF4B-00C04F79EFBC}") = "Libplanet.Action", "NineChronicles.Headless\Lib9c\.Libplanet\Libplanet.Action\Libplanet.Action.csproj", "{116A01C6-D07A-4E5B-87E1-871D931CFCFE}"
EndProject
Project("{FAE04EC0-301F-11D3-BF4B-00C04F79EFBC}") = "Lib9c", "NineChronicles.Headless\Lib9c\Lib9c\Lib9c.csproj", "{CED5FBEB-7EE8-477D-B5A5-B6B2BEEBCA61}"
EndProject
Global
	GlobalSection(SolutionConfigurationPlatforms) = preSolution
		Debug|Any CPU = Debug|Any CPU
		Debug|x64 = Debug|x64
		Debug|x86 = Debug|x86
		Release|Any CPU = Release|Any CPU
		Release|x64 = Release|x64
		Release|x86 = Release|x86
	EndGlobalSection
	GlobalSection(ProjectConfigurationPlatforms) = postSolution
		{6169358C-8806-46A7-92A6-452E8BBE224C}.Debug|Any CPU.ActiveCfg = Debug|Any CPU
		{6169358C-8806-46A7-92A6-452E8BBE224C}.Debug|Any CPU.Build.0 = Debug|Any CPU
		{6169358C-8806-46A7-92A6-452E8BBE224C}.Debug|x64.ActiveCfg = Debug|Any CPU
		{6169358C-8806-46A7-92A6-452E8BBE224C}.Debug|x64.Build.0 = Debug|Any CPU
		{6169358C-8806-46A7-92A6-452E8BBE224C}.Debug|x86.ActiveCfg = Debug|Any CPU
		{6169358C-8806-46A7-92A6-452E8BBE224C}.Debug|x86.Build.0 = Debug|Any CPU
		{6169358C-8806-46A7-92A6-452E8BBE224C}.Release|Any CPU.ActiveCfg = Release|Any CPU
		{6169358C-8806-46A7-92A6-452E8BBE224C}.Release|Any CPU.Build.0 = Release|Any CPU
		{6169358C-8806-46A7-92A6-452E8BBE224C}.Release|x64.ActiveCfg = Release|Any CPU
		{6169358C-8806-46A7-92A6-452E8BBE224C}.Release|x64.Build.0 = Release|Any CPU
		{6169358C-8806-46A7-92A6-452E8BBE224C}.Release|x86.ActiveCfg = Release|Any CPU
		{6169358C-8806-46A7-92A6-452E8BBE224C}.Release|x86.Build.0 = Release|Any CPU
		{777CE21B-4E96-4D4A-923B-B4DFB8504EBA}.Debug|Any CPU.ActiveCfg = Debug|Any CPU
		{777CE21B-4E96-4D4A-923B-B4DFB8504EBA}.Debug|Any CPU.Build.0 = Debug|Any CPU
		{777CE21B-4E96-4D4A-923B-B4DFB8504EBA}.Debug|x64.ActiveCfg = Debug|Any CPU
		{777CE21B-4E96-4D4A-923B-B4DFB8504EBA}.Debug|x64.Build.0 = Debug|Any CPU
		{777CE21B-4E96-4D4A-923B-B4DFB8504EBA}.Debug|x86.ActiveCfg = Debug|Any CPU
		{777CE21B-4E96-4D4A-923B-B4DFB8504EBA}.Debug|x86.Build.0 = Debug|Any CPU
		{777CE21B-4E96-4D4A-923B-B4DFB8504EBA}.Release|Any CPU.ActiveCfg = Release|Any CPU
		{777CE21B-4E96-4D4A-923B-B4DFB8504EBA}.Release|Any CPU.Build.0 = Release|Any CPU
		{777CE21B-4E96-4D4A-923B-B4DFB8504EBA}.Release|x64.ActiveCfg = Release|Any CPU
		{777CE21B-4E96-4D4A-923B-B4DFB8504EBA}.Release|x64.Build.0 = Release|Any CPU
		{777CE21B-4E96-4D4A-923B-B4DFB8504EBA}.Release|x86.ActiveCfg = Release|Any CPU
		{777CE21B-4E96-4D4A-923B-B4DFB8504EBA}.Release|x86.Build.0 = Release|Any CPU
		{B7F9CF53-4D6A-42A9-8C41-D2AF5B4AE2EB}.Debug|Any CPU.ActiveCfg = Debug|Any CPU
		{B7F9CF53-4D6A-42A9-8C41-D2AF5B4AE2EB}.Debug|Any CPU.Build.0 = Debug|Any CPU
		{B7F9CF53-4D6A-42A9-8C41-D2AF5B4AE2EB}.Debug|x64.ActiveCfg = Debug|Any CPU
		{B7F9CF53-4D6A-42A9-8C41-D2AF5B4AE2EB}.Debug|x64.Build.0 = Debug|Any CPU
		{B7F9CF53-4D6A-42A9-8C41-D2AF5B4AE2EB}.Debug|x86.ActiveCfg = Debug|Any CPU
		{B7F9CF53-4D6A-42A9-8C41-D2AF5B4AE2EB}.Debug|x86.Build.0 = Debug|Any CPU
		{B7F9CF53-4D6A-42A9-8C41-D2AF5B4AE2EB}.Release|Any CPU.ActiveCfg = Release|Any CPU
		{B7F9CF53-4D6A-42A9-8C41-D2AF5B4AE2EB}.Release|Any CPU.Build.0 = Release|Any CPU
		{B7F9CF53-4D6A-42A9-8C41-D2AF5B4AE2EB}.Release|x64.ActiveCfg = Release|Any CPU
		{B7F9CF53-4D6A-42A9-8C41-D2AF5B4AE2EB}.Release|x64.Build.0 = Release|Any CPU
		{B7F9CF53-4D6A-42A9-8C41-D2AF5B4AE2EB}.Release|x86.ActiveCfg = Release|Any CPU
		{B7F9CF53-4D6A-42A9-8C41-D2AF5B4AE2EB}.Release|x86.Build.0 = Release|Any CPU
		{D9DC2D6D-9DD2-4E29-949F-1CD409B6EF16}.Debug|Any CPU.ActiveCfg = Debug|Any CPU
		{D9DC2D6D-9DD2-4E29-949F-1CD409B6EF16}.Debug|Any CPU.Build.0 = Debug|Any CPU
		{D9DC2D6D-9DD2-4E29-949F-1CD409B6EF16}.Debug|x64.ActiveCfg = Debug|Any CPU
		{D9DC2D6D-9DD2-4E29-949F-1CD409B6EF16}.Debug|x64.Build.0 = Debug|Any CPU
		{D9DC2D6D-9DD2-4E29-949F-1CD409B6EF16}.Debug|x86.ActiveCfg = Debug|Any CPU
		{D9DC2D6D-9DD2-4E29-949F-1CD409B6EF16}.Debug|x86.Build.0 = Debug|Any CPU
		{D9DC2D6D-9DD2-4E29-949F-1CD409B6EF16}.Release|Any CPU.ActiveCfg = Release|Any CPU
		{D9DC2D6D-9DD2-4E29-949F-1CD409B6EF16}.Release|Any CPU.Build.0 = Release|Any CPU
		{D9DC2D6D-9DD2-4E29-949F-1CD409B6EF16}.Release|x64.ActiveCfg = Release|Any CPU
		{D9DC2D6D-9DD2-4E29-949F-1CD409B6EF16}.Release|x64.Build.0 = Release|Any CPU
		{D9DC2D6D-9DD2-4E29-949F-1CD409B6EF16}.Release|x86.ActiveCfg = Release|Any CPU
		{D9DC2D6D-9DD2-4E29-949F-1CD409B6EF16}.Release|x86.Build.0 = Release|Any CPU
		{14EB2001-F762-4A4A-97E7-3DFE21DFD033}.Debug|Any CPU.ActiveCfg = Debug|Any CPU
		{14EB2001-F762-4A4A-97E7-3DFE21DFD033}.Debug|Any CPU.Build.0 = Debug|Any CPU
		{14EB2001-F762-4A4A-97E7-3DFE21DFD033}.Debug|x64.ActiveCfg = Debug|Any CPU
		{14EB2001-F762-4A4A-97E7-3DFE21DFD033}.Debug|x64.Build.0 = Debug|Any CPU
		{14EB2001-F762-4A4A-97E7-3DFE21DFD033}.Debug|x86.ActiveCfg = Debug|Any CPU
		{14EB2001-F762-4A4A-97E7-3DFE21DFD033}.Debug|x86.Build.0 = Debug|Any CPU
		{14EB2001-F762-4A4A-97E7-3DFE21DFD033}.Release|Any CPU.ActiveCfg = Release|Any CPU
		{14EB2001-F762-4A4A-97E7-3DFE21DFD033}.Release|Any CPU.Build.0 = Release|Any CPU
		{14EB2001-F762-4A4A-97E7-3DFE21DFD033}.Release|x64.ActiveCfg = Release|Any CPU
		{14EB2001-F762-4A4A-97E7-3DFE21DFD033}.Release|x64.Build.0 = Release|Any CPU
		{14EB2001-F762-4A4A-97E7-3DFE21DFD033}.Release|x86.ActiveCfg = Release|Any CPU
		{14EB2001-F762-4A4A-97E7-3DFE21DFD033}.Release|x86.Build.0 = Release|Any CPU
		{BC7D64F0-5E99-4F44-BEE4-9E66FB70DA72}.Debug|Any CPU.ActiveCfg = Debug|Any CPU
		{BC7D64F0-5E99-4F44-BEE4-9E66FB70DA72}.Debug|Any CPU.Build.0 = Debug|Any CPU
		{BC7D64F0-5E99-4F44-BEE4-9E66FB70DA72}.Debug|x64.ActiveCfg = Debug|Any CPU
		{BC7D64F0-5E99-4F44-BEE4-9E66FB70DA72}.Debug|x64.Build.0 = Debug|Any CPU
		{BC7D64F0-5E99-4F44-BEE4-9E66FB70DA72}.Debug|x86.ActiveCfg = Debug|Any CPU
		{BC7D64F0-5E99-4F44-BEE4-9E66FB70DA72}.Debug|x86.Build.0 = Debug|Any CPU
		{BC7D64F0-5E99-4F44-BEE4-9E66FB70DA72}.Release|Any CPU.ActiveCfg = Release|Any CPU
		{BC7D64F0-5E99-4F44-BEE4-9E66FB70DA72}.Release|Any CPU.Build.0 = Release|Any CPU
		{BC7D64F0-5E99-4F44-BEE4-9E66FB70DA72}.Release|x64.ActiveCfg = Release|Any CPU
		{BC7D64F0-5E99-4F44-BEE4-9E66FB70DA72}.Release|x64.Build.0 = Release|Any CPU
		{BC7D64F0-5E99-4F44-BEE4-9E66FB70DA72}.Release|x86.ActiveCfg = Release|Any CPU
		{BC7D64F0-5E99-4F44-BEE4-9E66FB70DA72}.Release|x86.Build.0 = Release|Any CPU
		{E377C07D-B5C7-4AB4-8889-55CAAA190C5A}.Debug|Any CPU.ActiveCfg = Debug|Any CPU
		{E377C07D-B5C7-4AB4-8889-55CAAA190C5A}.Debug|Any CPU.Build.0 = Debug|Any CPU
		{E377C07D-B5C7-4AB4-8889-55CAAA190C5A}.Debug|x64.ActiveCfg = Debug|Any CPU
		{E377C07D-B5C7-4AB4-8889-55CAAA190C5A}.Debug|x64.Build.0 = Debug|Any CPU
		{E377C07D-B5C7-4AB4-8889-55CAAA190C5A}.Debug|x86.ActiveCfg = Debug|Any CPU
		{E377C07D-B5C7-4AB4-8889-55CAAA190C5A}.Debug|x86.Build.0 = Debug|Any CPU
		{E377C07D-B5C7-4AB4-8889-55CAAA190C5A}.Release|Any CPU.ActiveCfg = Release|Any CPU
		{E377C07D-B5C7-4AB4-8889-55CAAA190C5A}.Release|Any CPU.Build.0 = Release|Any CPU
		{E377C07D-B5C7-4AB4-8889-55CAAA190C5A}.Release|x64.ActiveCfg = Release|Any CPU
		{E377C07D-B5C7-4AB4-8889-55CAAA190C5A}.Release|x64.Build.0 = Release|Any CPU
		{E377C07D-B5C7-4AB4-8889-55CAAA190C5A}.Release|x86.ActiveCfg = Release|Any CPU
		{E377C07D-B5C7-4AB4-8889-55CAAA190C5A}.Release|x86.Build.0 = Release|Any CPU
		{EF45C4CF-2D3A-42BC-8B7A-59D0DFD55443}.Debug|Any CPU.ActiveCfg = Debug|Any CPU
		{EF45C4CF-2D3A-42BC-8B7A-59D0DFD55443}.Debug|Any CPU.Build.0 = Debug|Any CPU
		{EF45C4CF-2D3A-42BC-8B7A-59D0DFD55443}.Debug|x64.ActiveCfg = Debug|Any CPU
		{EF45C4CF-2D3A-42BC-8B7A-59D0DFD55443}.Debug|x64.Build.0 = Debug|Any CPU
		{EF45C4CF-2D3A-42BC-8B7A-59D0DFD55443}.Debug|x86.ActiveCfg = Debug|Any CPU
		{EF45C4CF-2D3A-42BC-8B7A-59D0DFD55443}.Debug|x86.Build.0 = Debug|Any CPU
		{EF45C4CF-2D3A-42BC-8B7A-59D0DFD55443}.Release|Any CPU.ActiveCfg = Release|Any CPU
		{EF45C4CF-2D3A-42BC-8B7A-59D0DFD55443}.Release|Any CPU.Build.0 = Release|Any CPU
		{EF45C4CF-2D3A-42BC-8B7A-59D0DFD55443}.Release|x64.ActiveCfg = Release|Any CPU
		{EF45C4CF-2D3A-42BC-8B7A-59D0DFD55443}.Release|x64.Build.0 = Release|Any CPU
		{EF45C4CF-2D3A-42BC-8B7A-59D0DFD55443}.Release|x86.ActiveCfg = Release|Any CPU
		{EF45C4CF-2D3A-42BC-8B7A-59D0DFD55443}.Release|x86.Build.0 = Release|Any CPU
		{0B12D053-8CB1-445E-91AA-D23EDDE2CC88}.Debug|Any CPU.ActiveCfg = Debug|Any CPU
		{0B12D053-8CB1-445E-91AA-D23EDDE2CC88}.Debug|Any CPU.Build.0 = Debug|Any CPU
		{0B12D053-8CB1-445E-91AA-D23EDDE2CC88}.Debug|x64.ActiveCfg = Debug|Any CPU
		{0B12D053-8CB1-445E-91AA-D23EDDE2CC88}.Debug|x64.Build.0 = Debug|Any CPU
		{0B12D053-8CB1-445E-91AA-D23EDDE2CC88}.Debug|x86.ActiveCfg = Debug|Any CPU
		{0B12D053-8CB1-445E-91AA-D23EDDE2CC88}.Debug|x86.Build.0 = Debug|Any CPU
		{0B12D053-8CB1-445E-91AA-D23EDDE2CC88}.Release|Any CPU.ActiveCfg = Release|Any CPU
		{0B12D053-8CB1-445E-91AA-D23EDDE2CC88}.Release|Any CPU.Build.0 = Release|Any CPU
		{0B12D053-8CB1-445E-91AA-D23EDDE2CC88}.Release|x64.ActiveCfg = Release|Any CPU
		{0B12D053-8CB1-445E-91AA-D23EDDE2CC88}.Release|x64.Build.0 = Release|Any CPU
		{0B12D053-8CB1-445E-91AA-D23EDDE2CC88}.Release|x86.ActiveCfg = Release|Any CPU
		{0B12D053-8CB1-445E-91AA-D23EDDE2CC88}.Release|x86.Build.0 = Release|Any CPU
		{116A01C6-D07A-4E5B-87E1-871D931CFCFE}.Debug|Any CPU.ActiveCfg = Debug|Any CPU
		{116A01C6-D07A-4E5B-87E1-871D931CFCFE}.Debug|Any CPU.Build.0 = Debug|Any CPU
		{116A01C6-D07A-4E5B-87E1-871D931CFCFE}.Debug|x64.ActiveCfg = Debug|Any CPU
		{116A01C6-D07A-4E5B-87E1-871D931CFCFE}.Debug|x64.Build.0 = Debug|Any CPU
		{116A01C6-D07A-4E5B-87E1-871D931CFCFE}.Debug|x86.ActiveCfg = Debug|Any CPU
		{116A01C6-D07A-4E5B-87E1-871D931CFCFE}.Debug|x86.Build.0 = Debug|Any CPU
		{116A01C6-D07A-4E5B-87E1-871D931CFCFE}.Release|Any CPU.ActiveCfg = Release|Any CPU
		{116A01C6-D07A-4E5B-87E1-871D931CFCFE}.Release|Any CPU.Build.0 = Release|Any CPU
		{116A01C6-D07A-4E5B-87E1-871D931CFCFE}.Release|x64.ActiveCfg = Release|Any CPU
		{116A01C6-D07A-4E5B-87E1-871D931CFCFE}.Release|x64.Build.0 = Release|Any CPU
		{116A01C6-D07A-4E5B-87E1-871D931CFCFE}.Release|x86.ActiveCfg = Release|Any CPU
		{116A01C6-D07A-4E5B-87E1-871D931CFCFE}.Release|x86.Build.0 = Release|Any CPU
		{CED5FBEB-7EE8-477D-B5A5-B6B2BEEBCA61}.Debug|Any CPU.ActiveCfg = Debug|Any CPU
		{CED5FBEB-7EE8-477D-B5A5-B6B2BEEBCA61}.Debug|Any CPU.Build.0 = Debug|Any CPU
		{CED5FBEB-7EE8-477D-B5A5-B6B2BEEBCA61}.Debug|x64.ActiveCfg = Debug|Any CPU
		{CED5FBEB-7EE8-477D-B5A5-B6B2BEEBCA61}.Debug|x64.Build.0 = Debug|Any CPU
		{CED5FBEB-7EE8-477D-B5A5-B6B2BEEBCA61}.Debug|x86.ActiveCfg = Debug|Any CPU
		{CED5FBEB-7EE8-477D-B5A5-B6B2BEEBCA61}.Debug|x86.Build.0 = Debug|Any CPU
		{CED5FBEB-7EE8-477D-B5A5-B6B2BEEBCA61}.Release|Any CPU.ActiveCfg = Release|Any CPU
		{CED5FBEB-7EE8-477D-B5A5-B6B2BEEBCA61}.Release|Any CPU.Build.0 = Release|Any CPU
		{CED5FBEB-7EE8-477D-B5A5-B6B2BEEBCA61}.Release|x64.ActiveCfg = Release|Any CPU
		{CED5FBEB-7EE8-477D-B5A5-B6B2BEEBCA61}.Release|x64.Build.0 = Release|Any CPU
		{CED5FBEB-7EE8-477D-B5A5-B6B2BEEBCA61}.Release|x86.ActiveCfg = Release|Any CPU
		{CED5FBEB-7EE8-477D-B5A5-B6B2BEEBCA61}.Release|x86.Build.0 = Release|Any CPU
	EndGlobalSection
	GlobalSection(SolutionProperties) = preSolution
		HideSolutionNode = FALSE
	EndGlobalSection
	GlobalSection(ExtensibilityGlobals) = postSolution
		SolutionGuid = {D7C99E7B-DCD0-4490-A408-D6858853C3B6}
	EndGlobalSection
EndGlobal
